# This file is automatically @generated by Cargo.
# It is not intended for manual editing.
#
# Fixture for scripts/cargo-audit.test.sh (#139). Pins time 0.1.45, which carries
# RUSTSEC-2020-0071 (segfault). Used to prove the gate fails on an advisory and
# that the ignore-list neutralizes an accepted advisory.
version = 4

[[package]]
name = "time"
version = "0.1.45"
source = "registry+https://github.com/rust-lang/crates.io-index"
