# This file is automatically @generated by Cargo.
# It is not intended for manual editing.
#
# Fixture for scripts/cargo-audit.test.sh (#139). Pins dotenv 0.15.0, which
# carries an "unmaintained" RustSec advisory (informational, not a vuln). Used to
# prove `--deny warnings` catches the RustSec-only signals grype does not carry.
version = 4

[[package]]
name = "dotenv"
version = "0.15.0"
source = "registry+https://github.com/rust-lang/crates.io-index"
