# This file is automatically @generated by Cargo.
# It is not intended for manual editing.
#
# Fixture for scripts/cargo-audit.test.sh (#139). Pins cfg-if 1.0.0, a trivial
# cfg macro with no advisory. Used to prove the gate passes on a clean lockfile.
version = 4

[[package]]
name = "cfg-if"
version = "1.0.0"
source = "registry+https://github.com/rust-lang/crates.io-index"
